
Microsoft Visual Studio Solution File, Format Version 12.00
# Visual Studio Version 17
VisualStudioVersion = 17.8.34309.116
MinimumVisualStudioVersion = 10.0.40219.1
Project("{FAE04EC0-301F-11D3-BF4B-00C04F79EFBC}") = "SearchOnGoogleShopping", "SearchOnGoogleShopping.csproj", "{3F9B1A10-762D-42FF-99BE-3938C9422B1C}"
EndProject
Global
	GlobalSection(SolutionConfigurationPlatforms) = preSolution
		Debug|Any CPU = Debug|Any CPU
		Release|Any CPU = Release|Any CPU
	EndGlobalSection
	GlobalSection(ProjectConfigurationPlatforms) = postSolution
		{3F9B1A10-762D-42FF-99BE-3938C9422B1C}.Debug|Any CPU.ActiveCfg = Debug|Any CPU
		{3F9B1A10-762D-42FF-99BE-3938C9422B1C}.Debug|Any CPU.Build.0 = Debug|Any CPU
		{3F9B1A10-762D-42FF-99BE-3938C9422B1C}.Release|Any CPU.ActiveCfg = Release|Any CPU
		{3F9B1A10-762D-42FF-99BE-3938C9422B1C}.Release|Any CPU.Build.0 = Release|Any CPU
	EndGlobalSection
	GlobalSection(SolutionProperties) = preSolution
		HideSolutionNode = FALSE
	EndGlobalSection
	GlobalSection(ExtensibilityGlobals) = postSolution
		SolutionGuid = {48CE9929-8B94-4D46-AA60-37F794E4836E}
	EndGlobalSection
EndGlobal
